
Microsoft Visual Studio Solution File, Format Version 12.00
# Visual Studio Version 16
VisualStudioVersion = 16.0.31911.196
MinimumVisualStudioVersion = 10.0.40219.1
Project("{FAE04EC0-301F-11D3-BF4B-00C04F79EFBC}") = "ToDoList", "ToDoList\ToDoList.csproj", "{FB073358-CF04-49F3-AC65-0DB3B0BAECB9}"
EndProject
Global
	GlobalSection(SolutionConfigurationPlatforms) = preSolution
		Debug|Any CPU = Debug|Any CPU
		Release|Any CPU = Release|Any CPU
	EndGlobalSection
	GlobalSection(ProjectConfigurationPlatforms) = postSolution
		{FB073358-CF04-49F3-AC65-0DB3B0BAECB9}.Debug|Any CPU.ActiveCfg = Debug|Any CPU
		{FB073358-CF04-49F3-AC65-0DB3B0BAECB9}.Debug|Any CPU.Build.0 = Debug|Any CPU
		{FB073358-CF04-49F3-AC65-0DB3B0BAECB9}.Release|Any CPU.ActiveCfg = Release|Any CPU
		{FB073358-CF04-49F3-AC65-0DB3B0BAECB9}.Release|Any CPU.Build.0 = Release|Any CPU
	EndGlobalSection
	GlobalSection(SolutionProperties) = preSolution
		HideSolutionNode = FALSE
	EndGlobalSection
	GlobalSection(ExtensibilityGlobals) = postSolution
		SolutionGuid = {F7B5B209-F4C5-467F-A148-78DFAA8F7E4B}
	EndGlobalSection
EndGlobal
